// !$*UTF8*$!
{
	archiveVersion = 1;
	classes = {
	};
	objectVersion = 51;
	objects = {

/* Begin PBXBuildFile section */
		08F0F978FF68B2EC41BD25CB /* Pods_MoviesApp.framework in Frameworks */ = {isa = PBXBuildFile; fileRef = 6E4183006EC4074FB8C9169A /* Pods_MoviesApp.framework */; };
		7D00F5E822DC859E00FD787D /* APIControllerModels.swift in Sources */ = {isa = PBXBuildFile; fileRef = 7D00F5E722DC859E00FD787D /* APIControllerModels.swift */; };
		7D23144D22BBA010001E98BD /* MoviesController.swift in Sources */ = {isa = PBXBuildFile; fileRef = 7D23144C22BBA010001E98BD /* MoviesController.swift */; };
		7D24C07122E06CAC00D5DB2F /* SearchController.swift in Sources */ = {isa = PBXBuildFile; fileRef = 7D24C07022E06CAC00D5DB2F /* SearchController.swift */; };
		7D4FE99B22BB52F400077594 /* Movie+CoreDataClass.swift in Sources */ = {isa = PBXBuildFile; fileRef = 7D4FE99922BB52F400077594 /* Movie+CoreDataClass.swift */; };
		7D4FE99C22BB52F400077594 /* Movie+CoreDataProperties.swift in Sources */ = {isa = PBXBuildFile; fileRef = 7D4FE99A22BB52F400077594 /* Movie+CoreDataProperties.swift */; };
		7D4FE99E22BB53BA00077594 /* CoreDataManager.swift in Sources */ = {isa = PBXBuildFile; fileRef = 7D4FE99D22BB53BA00077594 /* CoreDataManager.swift */; };
		7D4FE9A422BB687100077594 /* MovieCell.swift in Sources */ = {isa = PBXBuildFile; fileRef = 7D4FE9A322BB687100077594 /* MovieCell.swift */; };
		7D74C16622C22E9900298124 /* DataModels.swift in Sources */ = {isa = PBXBuildFile; fileRef = 7D74C16522C22E9900298124 /* DataModels.swift */; };
		7D74C16822C3437500298124 /* DetailController.swift in Sources */ = {isa = PBXBuildFile; fileRef = 7D74C16722C3437500298124 /* DetailController.swift */; };
		7D829E3722B9FF8D001A968C /* APIController.swift in Sources */ = {isa = PBXBuildFile; fileRef = 7D829E3622B9FF8D001A968C /* APIController.swift */; };
		7D9DDC2222B260D0002C13E9 /* AppDelegate.swift in Sources */ = {isa = PBXBuildFile; fileRef = 7D9DDC2122B260D0002C13E9 /* AppDelegate.swift */; };
		7D9DDC2722B260D0002C13E9 /* Main.storyboard in Resources */ = {isa = PBXBuildFile; fileRef = 7D9DDC2522B260D0002C13E9 /* Main.storyboard */; };
		7D9DDC2A22B260D0002C13E9 /* MoviesApp.xcdatamodeld in Sources */ = {isa = PBXBuildFile; fileRef = 7D9DDC2822B260D0002C13E9 /* MoviesApp.xcdatamodeld */; };
		7D9DDC2C22B260D2002C13E9 /* Assets.xcassets in Resources */ = {isa = PBXBuildFile; fileRef = 7D9DDC2B22B260D2002C13E9 /* Assets.xcassets */; };
		7D9DDC2F22B260D2002C13E9 /* LaunchScreen.storyboard in Resources */ = {isa = PBXBuildFile; fileRef = 7D9DDC2D22B260D2002C13E9 /* LaunchScreen.storyboard */; };
		7D9DDC3F22B2645F002C13E9 /* FavouritesController.swift in Sources */ = {isa = PBXBuildFile; fileRef = 7D9DDC3E22B2645F002C13E9 /* FavouritesController.swift */; };
		7DBE75B522DDEF0C00AC6848 /* ReviewCell.swift in Sources */ = {isa = PBXBuildFile; fileRef = 7DBE75B422DDEF0C00AC6848 /* ReviewCell.swift */; };
/* End PBXBuildFile section */

/* Begin PBXFileReference section */
		59D6D6A290EFC3D53BC274F0 /* Pods-MoviesApp.debug.xcconfig */ = {isa = PBXFileReference; includeInIndex = 1; lastKnownFileType = text.xcconfig; name = "Pods-MoviesApp.debug.xcconfig"; path = "Target Support Files/Pods-MoviesApp/Pods-MoviesApp.debug.xcconfig"; sourceTree = "<group>"; };
		6E4183006EC4074FB8C9169A /* Pods_MoviesApp.framework */ = {isa = PBXFileReference; explicitFileType = wrapper.framework; includeInIndex = 0; path = Pods_MoviesApp.framework; sourceTree = BUILT_PRODUCTS_DIR; };
		7D00F5E722DC859E00FD787D /* APIControllerModels.swift */ = {isa = PBXFileReference; lastKnownFileType = sourcecode.swift; path = APIControllerModels.swift; sourceTree = "<group>"; };
		7D23144C22BBA010001E98BD /* MoviesController.swift */ = {isa = PBXFileReference; lastKnownFileType = sourcecode.swift; path = MoviesController.swift; sourceTree = "<group>"; };
		7D24C07022E06CAC00D5DB2F /* SearchController.swift */ = {isa = PBXFileReference; lastKnownFileType = sourcecode.swift; path = SearchController.swift; sourceTree = "<group>"; };
		7D4FE99922BB52F400077594 /* Movie+CoreDataClass.swift */ = {isa = PBXFileReference; lastKnownFileType = sourcecode.swift; path = "Movie+CoreDataClass.swift"; sourceTree = "<group>"; };
		7D4FE99A22BB52F400077594 /* Movie+CoreDataProperties.swift */ = {isa = PBXFileReference; lastKnownFileType = sourcecode.swift; path = "Movie+CoreDataProperties.swift"; sourceTree = "<group>"; };
		7D4FE99D22BB53BA00077594 /* CoreDataManager.swift */ = {isa = PBXFileReference; lastKnownFileType = sourcecode.swift; path = CoreDataManager.swift; sourceTree = "<group>"; };
		7D4FE9A322BB687100077594 /* MovieCell.swift */ = {isa = PBXFileReference; lastKnownFileType = sourcecode.swift; path = MovieCell.swift; sourceTree = "<group>"; };
		7D65B17D22CA272B00A614B4 /* ru */ = {isa = PBXFileReference; lastKnownFileType = text.plist.strings; name = ru; path = ru.lproj/Main.strings; sourceTree = "<group>"; };
		7D65B17E22CA272B00A614B4 /* ru */ = {isa = PBXFileReference; lastKnownFileType = text.plist.strings; name = ru; path = ru.lproj/LaunchScreen.strings; sourceTree = "<group>"; };
		7D74C16522C22E9900298124 /* DataModels.swift */ = {isa = PBXFileReference; lastKnownFileType = sourcecode.swift; path = DataModels.swift; sourceTree = "<group>"; };
		7D74C16722C3437500298124 /* DetailController.swift */ = {isa = PBXFileReference; lastKnownFileType = sourcecode.swift; path = DetailController.swift; sourceTree = "<group>"; };
		7D829E3622B9FF8D001A968C /* APIController.swift */ = {isa = PBXFileReference; lastKnownFileType = sourcecode.swift; path = APIController.swift; sourceTree = "<group>"; };
		7D9DDC1E22B260D0002C13E9 /* MoviesApp.app */ = {isa = PBXFileReference; explicitFileType = wrapper.application; includeInIndex = 0; path = MoviesApp.app; sourceTree = BUILT_PRODUCTS_DIR; };
		7D9DDC2122B260D0002C13E9 /* AppDelegate.swift */ = {isa = PBXFileReference; lastKnownFileType = sourcecode.swift; path = AppDelegate.swift; sourceTree = "<group>"; };
		7D9DDC2622B260D0002C13E9 /* Base */ = {isa = PBXFileReference; lastKnownFileType = file.storyboard; name = Base; path = Base.lproj/Main.storyboard; sourceTree = "<group>"; };
		7D9DDC2922B260D0002C13E9 /* MoviesApp.xcdatamodel */ = {isa = PBXFileReference; lastKnownFileType = wrapper.xcdatamodel; path = MoviesApp.xcdatamodel; sourceTree = "<group>"; };
		7D9DDC2B22B260D2002C13E9 /* Assets.xcassets */ = {isa = PBXFileReference; lastKnownFileType = folder.assetcatalog; path = Assets.xcassets; sourceTree = "<group>"; };
		7D9DDC2E22B260D2002C13E9 /* Base */ = {isa = PBXFileReference; lastKnownFileType = file.storyboard; name = Base; path = Base.lproj/LaunchScreen.storyboard; sourceTree = "<group>"; };
		7D9DDC3022B260D2002C13E9 /* Info.plist */ = {isa = PBXFileReference; lastKnownFileType = text.plist.xml; path = Info.plist; sourceTree = "<group>"; };
		7D9DDC3E22B2645F002C13E9 /* FavouritesController.swift */ = {isa = PBXFileReference; lastKnownFileType = sourcecode.swift; path = FavouritesController.swift; sourceTree = "<group>"; };
		7DBE75B422DDEF0C00AC6848 /* ReviewCell.swift */ = {isa = PBXFileReference; lastKnownFileType = sourcecode.swift; path = ReviewCell.swift; sourceTree = "<group>"; };
		C3707BB6B70195E730B66CD5 /* Pods-MoviesApp.release.xcconfig */ = {isa = PBXFileReference; includeInIndex = 1; lastKnownFileType = text.xcconfig; name = "Pods-MoviesApp.release.xcconfig"; path = "Target Support Files/Pods-MoviesApp/Pods-MoviesApp.release.xcconfig"; sourceTree = "<group>"; };
/* End PBXFileReference section */

/* Begin PBXFrameworksBuildPhase section */
		7D9DDC1B22B260D0002C13E9 /* Frameworks */ = {
			isa = PBXFrameworksBuildPhase;
			buildActionMask = 2147483647;
			files = (
				08F0F978FF68B2EC41BD25CB /* Pods_MoviesApp.framework in Frameworks */,
			);
			runOnlyForDeploymentPostprocessing = 0;
		};
/* End PBXFrameworksBuildPhase section */

/* Begin PBXGroup section */
		2429E1145AF42799C6099868 /* Pods */ = {
			isa = PBXGroup;
			children = (
				59D6D6A290EFC3D53BC274F0 /* Pods-MoviesApp.debug.xcconfig */,
				C3707BB6B70195E730B66CD5 /* Pods-MoviesApp.release.xcconfig */,
			);
			path = Pods;
			sourceTree = "<group>";
		};
		7D829E3822B9FF9A001A968C /* Data */ = {
			isa = PBXGroup;
			children = (
				7D9DDC3722B2633A002C13E9 /* CoreData */,
				7D74C16522C22E9900298124 /* DataModels.swift */,
				7D829E3622B9FF8D001A968C /* APIController.swift */,
				7D00F5E722DC859E00FD787D /* APIControllerModels.swift */,
			);
			path = Data;
			sourceTree = "<group>";
		};
		7D9DDC1522B260D0002C13E9 = {
			isa = PBXGroup;
			children = (
				7D9DDC2022B260D0002C13E9 /* MoviesApp */,
				7D9DDC1F22B260D0002C13E9 /* Products */,
				2429E1145AF42799C6099868 /* Pods */,
				F911BC9AC98E98CDE899735A /* Frameworks */,
			);
			sourceTree = "<group>";
		};
		7D9DDC1F22B260D0002C13E9 /* Products */ = {
			isa = PBXGroup;
			children = (
				7D9DDC1E22B260D0002C13E9 /* MoviesApp.app */,
			);
			name = Products;
			sourceTree = "<group>";
		};
		7D9DDC2022B260D0002C13E9 /* MoviesApp */ = {
			isa = PBXGroup;
			children = (
				7D829E3822B9FF9A001A968C /* Data */,
				7D9DDC3622B26330002C13E9 /* Controllers */,
				7D9DDC2122B260D0002C13E9 /* AppDelegate.swift */,
				7D4FE9A322BB687100077594 /* MovieCell.swift */,
				7DBE75B422DDEF0C00AC6848 /* ReviewCell.swift */,
				7D9DDC2522B260D0002C13E9 /* Main.storyboard */,
				7D9DDC2B22B260D2002C13E9 /* Assets.xcassets */,
				7D9DDC2D22B260D2002C13E9 /* LaunchScreen.storyboard */,
				7D9DDC3022B260D2002C13E9 /* Info.plist */,
			);
			path = MoviesApp;
			sourceTree = "<group>";
		};
		7D9DDC3622B26330002C13E9 /* Controllers */ = {
			isa = PBXGroup;
			children = (
				7D9DDC3E22B2645F002C13E9 /* FavouritesController.swift */,
				7D23144C22BBA010001E98BD /* MoviesController.swift */,
				7D74C16722C3437500298124 /* DetailController.swift */,
				7D24C07022E06CAC00D5DB2F /* SearchController.swift */,
			);
			path = Controllers;
			sourceTree = "<group>";
		};
		7D9DDC3722B2633A002C13E9 /* CoreData */ = {
			isa = PBXGroup;
			children = (
				7D4FE99922BB52F400077594 /* Movie+CoreDataClass.swift */,
				7D4FE99A22BB52F400077594 /* Movie+CoreDataProperties.swift */,
				7D9DDC2822B260D0002C13E9 /* MoviesApp.xcdatamodeld */,
				7D4FE99D22BB53BA00077594 /* CoreDataManager.swift */,
			);
			path = CoreData;
			sourceTree = "<group>";
		};
		F911BC9AC98E98CDE899735A /* Frameworks */ = {
			isa = PBXGroup;
			children = (
				6E4183006EC4074FB8C9169A /* Pods_MoviesApp.framework */,
			);
			name = Frameworks;
			sourceTree = "<group>";
		};
/* End PBXGroup section */

/* Begin PBXNativeTarget section */
		7D9DDC1D22B260D0002C13E9 /* MoviesApp */ = {
			isa = PBXNativeTarget;
			buildConfigurationList = 7D9DDC3322B260D2002C13E9 /* Build configuration list for PBXNativeTarget "MoviesApp" */;
			buildPhases = (
				CA3F96329F8174525C660D68 /* [CP] Check Pods Manifest.lock */,
				7D9DDC1A22B260D0002C13E9 /* Sources */,
				7D9DDC1B22B260D0002C13E9 /* Frameworks */,
				7D9DDC1C22B260D0002C13E9 /* Resources */,
				17B846501BE13BA0F95A2F64 /* [CP] Embed Pods Frameworks */,
			);
			buildRules = (
			);
			dependencies = (
			);
			name = MoviesApp;
			productName = MoviesApp;
			productReference = 7D9DDC1E22B260D0002C13E9 /* MoviesApp.app */;
			productType = "com.apple.product-type.application";
		};
/* End PBXNativeTarget section */

/* Begin PBXProject section */
		7D9DDC1622B260D0002C13E9 /* Project object */ = {
			isa = PBXProject;
			attributes = {
				LastSwiftUpdateCheck = 1020;
				LastUpgradeCheck = 1020;
				ORGANIZATIONNAME = "Igor Pinaev";
				TargetAttributes = {
					7D9DDC1D22B260D0002C13E9 = {
						CreatedOnToolsVersion = 10.2.1;
					};
				};
			};
			buildConfigurationList = 7D9DDC1922B260D0002C13E9 /* Build configuration list for PBXProject "MoviesApp" */;
			compatibilityVersion = "Xcode 9.3";
			developmentRegion = en;
			hasScannedForEncodings = 0;
			knownRegions = (
				en,
				Base,
				ru,
			);
			mainGroup = 7D9DDC1522B260D0002C13E9;
			productRefGroup = 7D9DDC1F22B260D0002C13E9 /* Products */;
			projectDirPath = "";
			projectRoot = "";
			targets = (
				7D9DDC1D22B260D0002C13E9 /* MoviesApp */,
			);
		};
/* End PBXProject section */

/* Begin PBXResourcesBuildPhase section */
		7D9DDC1C22B260D0002C13E9 /* Resources */ = {
			isa = PBXResourcesBuildPhase;
			buildActionMask = 2147483647;
			files = (
				7D9DDC2F22B260D2002C13E9 /* LaunchScreen.storyboard in Resources */,
				7D9DDC2C22B260D2002C13E9 /* Assets.xcassets in Resources */,
				7D9DDC2722B260D0002C13E9 /* Main.storyboard in Resources */,
			);
			runOnlyForDeploymentPostprocessing = 0;
		};
/* End PBXResourcesBuildPhase section */

/* Begin PBXShellScriptBuildPhase section */
		17B846501BE13BA0F95A2F64 /* [CP] Embed Pods Frameworks */ = {
			isa = PBXShellScriptBuildPhase;
			buildActionMask = 2147483647;
			files = (
			);
			inputFileListPaths = (
				"${PODS_ROOT}/Target Support Files/Pods-MoviesApp/Pods-MoviesApp-frameworks-${CONFIGURATION}-input-files.xcfilelist",
			);
			name = "[CP] Embed Pods Frameworks";
			outputFileListPaths = (
				"${PODS_ROOT}/Target Support Files/Pods-MoviesApp/Pods-MoviesApp-frameworks-${CONFIGURATION}-output-files.xcfilelist",
			);
			runOnlyForDeploymentPostprocessing = 0;
			shellPath = /bin/sh;
			shellScript = "\"${PODS_ROOT}/Target Support Files/Pods-MoviesApp/Pods-MoviesApp-frameworks.sh\"\n";
			showEnvVarsInLog = 0;
		};
		CA3F96329F8174525C660D68 /* [CP] Check Pods Manifest.lock */ = {
			isa = PBXShellScriptBuildPhase;
			buildActionMask = 2147483647;
			files = (
			);
			inputFileListPaths = (
			);
			inputPaths = (
				"${PODS_PODFILE_DIR_PATH}/Podfile.lock",
				"${PODS_ROOT}/Manifest.lock",
			);
			name = "[CP] Check Pods Manifest.lock";
			outputFileListPaths = (
			);
			outputPaths = (
				"$(DERIVED_FILE_DIR)/Pods-MoviesApp-checkManifestLockResult.txt",
			);
			runOnlyForDeploymentPostprocessing = 0;
			shellPath = /bin/sh;
			shellScript = "diff \"${PODS_PODFILE_DIR_PATH}/Podfile.lock\" \"${PODS_ROOT}/Manifest.lock\" > /dev/null\nif [ $? != 0 ] ; then\n    # print error to STDERR\n    echo \"error: The sandbox is not in sync with the Podfile.lock. Run 'pod install' or update your CocoaPods installation.\" >&2\n    exit 1\nfi\n# This output is used by Xcode 'outputs' to avoid re-running this script phase.\necho \"SUCCESS\" > \"${SCRIPT_OUTPUT_FILE_0}\"\n";
			showEnvVarsInLog = 0;
		};
/* End PBXShellScriptBuildPhase section */

/* Begin PBXSourcesBuildPhase section */
		7D9DDC1A22B260D0002C13E9 /* Sources */ = {
			isa = PBXSourcesBuildPhase;
			buildActionMask = 2147483647;
			files = (
				7D23144D22BBA010001E98BD /* MoviesController.swift in Sources */,
				7D74C16622C22E9900298124 /* DataModels.swift in Sources */,
				7D74C16822C3437500298124 /* DetailController.swift in Sources */,
				7D24C07122E06CAC00D5DB2F /* SearchController.swift in Sources */,
				7D4FE99B22BB52F400077594 /* Movie+CoreDataClass.swift in Sources */,
				7D829E3722B9FF8D001A968C /* APIController.swift in Sources */,
				7D4FE9A422BB687100077594 /* MovieCell.swift in Sources */,
				7D4FE99C22BB52F400077594 /* Movie+CoreDataProperties.swift in Sources */,
				7D00F5E822DC859E00FD787D /* APIControllerModels.swift in Sources */,
				7D9DDC2A22B260D0002C13E9 /* MoviesApp.xcdatamodeld in Sources */,
				7D9DDC2222B260D0002C13E9 /* AppDelegate.swift in Sources */,
				7DBE75B522DDEF0C00AC6848 /* ReviewCell.swift in Sources */,
				7D9DDC3F22B2645F002C13E9 /* FavouritesController.swift in Sources */,
				7D4FE99E22BB53BA00077594 /* CoreDataManager.swift in Sources */,
			);
			runOnlyForDeploymentPostprocessing = 0;
		};
/* End PBXSourcesBuildPhase section */

/* Begin PBXVariantGroup section */
		7D9DDC2522B260D0002C13E9 /* Main.storyboard */ = {
			isa = PBXVariantGroup;
			children = (
				7D9DDC2622B260D0002C13E9 /* Base */,
				7D65B17D22CA272B00A614B4 /* ru */,
			);
			name = Main.storyboard;
			sourceTree = "<group>";
		};
		7D9DDC2D22B260D2002C13E9 /* LaunchScreen.storyboard */ = {
			isa = PBXVariantGroup;
			children = (
				7D9DDC2E22B260D2002C13E9 /* Base */,
				7D65B17E22CA272B00A614B4 /* ru */,
			);
			name = LaunchScreen.storyboard;
			sourceTree = "<group>";
		};
/* End PBXVariantGroup section */

/* Begin XCBuildConfiguration section */
		7D9DDC3122B260D2002C13E9 /* Debug */ = {
			isa = XCBuildConfiguration;
			buildSettings = {
				ALWAYS_SEARCH_USER_PATHS = NO;
				CLANG_ANALYZER_LOCALIZABILITY_NONLOCALIZED = YES;
				CLANG_ANALYZER_NONNULL = YES;
				CLANG_ANALYZER_NUMBER_OBJECT_CONVERSION = YES_AGGRESSIVE;
				CLANG_CXX_LANGUAGE_STANDARD = "gnu++14";
				CLANG_CXX_LIBRARY = "libc++";
				CLANG_ENABLE_MODULES = YES;
				CLANG_ENABLE_OBJC_ARC = YES;
				CLANG_ENABLE_OBJC_WEAK = YES;
				CLANG_WARN_BLOCK_CAPTURE_AUTORELEASING = YES;
				CLANG_WARN_BOOL_CONVERSION = YES;
				CLANG_WARN_COMMA = YES;
				CLANG_WARN_CONSTANT_CONVERSION = YES;
				CLANG_WARN_DEPRECATED_OBJC_IMPLEMENTATIONS = YES;
				CLANG_WARN_DIRECT_OBJC_ISA_USAGE = YES_ERROR;
				CLANG_WARN_DOCUMENTATION_COMMENTS = YES;
				CLANG_WARN_EMPTY_BODY = YES;
				CLANG_WARN_ENUM_CONVERSION = YES;
				CLANG_WARN_INFINITE_RECURSION = YES;
				CLANG_WARN_INT_CONVERSION = YES;
				CLANG_WARN_NON_LITERAL_NULL_CONVERSION = YES;
				CLANG_WARN_OBJC_IMPLICIT_RETAIN_SELF = YES;
				CLANG_WARN_OBJC_LITERAL_CONVERSION = YES;
				CLANG_WARN_OBJC_ROOT_CLASS = YES_ERROR;
				CLANG_WARN_RANGE_LOOP_ANALYSIS = YES;
				CLANG_WARN_STRICT_PROTOTYPES = YES;
				CLANG_WARN_SUSPICIOUS_MOVE = YES;
				CLANG_WARN_UNGUARDED_AVAILABILITY = YES_AGGRESSIVE;
				CLANG_WARN_UNREACHABLE_CODE = YES;
				CLANG_WARN__DUPLICATE_METHOD_MATCH = YES;
				CODE_SIGN_IDENTITY = "iPhone Developer";
				COPY_PHASE_STRIP = NO;
				DEBUG_INFORMATION_FORMAT = dwarf;
				ENABLE_STRICT_OBJC_MSGSEND = YES;
				ENABLE_TESTABILITY = YES;
				GCC_C_LANGUAGE_STANDARD = gnu11;
				GCC_DYNAMIC_NO_PIC = NO;
				GCC_NO_COMMON_BLOCKS = YES;
				GCC_OPTIMIZATION_LEVEL = 0;
				GCC_PREPROCESSOR_DEFINITIONS = (
					"DEBUG=1",
					"$(inherited)",
				);
				GCC_WARN_64_TO_32_BIT_CONVERSION = YES;
				GCC_WARN_ABOUT_RETURN_TYPE = YES_ERROR;
				GCC_WARN_UNDECLARED_SELECTOR = YES;
				GCC_WARN_UNINITIALIZED_AUTOS = YES_AGGRESSIVE;
				GCC_WARN_UNUSED_FUNCTION = YES;
				GCC_WARN_UNUSED_VARIABLE = YES;
				IPHONEOS_DEPLOYMENT_TARGET = 12.2;
				MTL_ENABLE_DEBUG_INFO = INCLUDE_SOURCE;
				MTL_FAST_MATH = YES;
				ONLY_ACTIVE_ARCH = YES;
				SDKROOT = iphoneos;
				SWIFT_ACTIVE_COMPILATION_CONDITIONS = DEBUG;
				SWIFT_OPTIMIZATION_LEVEL = "-Onone";
			};
			name = Debug;
		};
		7D9DDC3222B260D2002C13E9 /* Release */ = {
			isa = XCBuildConfiguration;
			buildSettings = {
				ALWAYS_SEARCH_USER_PATHS = NO;
				CLANG_ANALYZER_LOCALIZABILITY_NONLOCALIZED = YES;
				CLANG_ANALYZER_NONNULL = YES;
				CLANG_ANALYZER_NUMBER_OBJECT_CONVERSION = YES_AGGRESSIVE;
				CLANG_CXX_LANGUAGE_STANDARD = "gnu++14";
				CLANG_CXX_LIBRARY = "libc++";
				CLANG_ENABLE_MODULES = YES;
				CLANG_ENABLE_OBJC_ARC = YES;
				CLANG_ENABLE_OBJC_WEAK = YES;
				CLANG_WARN_BLOCK_CAPTURE_AUTORELEASING = YES;
				CLANG_WARN_BOOL_CONVERSION = YES;
				CLANG_WARN_COMMA = YES;
				CLANG_WARN_CONSTANT_CONVERSION = YES;
				CLANG_WARN_DEPRECATED_OBJC_IMPLEMENTATIONS = YES;
				CLANG_WARN_DIRECT_OBJC_ISA_USAGE = YES_ERROR;
				CLANG_WARN_DOCUMENTATION_COMMENTS = YES;
				CLANG_WARN_EMPTY_BODY = YES;
				CLANG_WARN_ENUM_CONVERSION = YES;
				CLANG_WARN_INFINITE_RECURSION = YES;
				CLANG_WARN_INT_CONVERSION = YES;
				CLANG_WARN_NON_LITERAL_NULL_CONVERSION = YES;
				CLANG_WARN_OBJC_IMPLICIT_RETAIN_SELF = YES;
				CLANG_WARN_OBJC_LITERAL_CONVERSION = YES;
				CLANG_WARN_OBJC_ROOT_CLASS = YES_ERROR;
				CLANG_WARN_RANGE_LOOP_ANALYSIS = YES;
				CLANG_WARN_STRICT_PROTOTYPES = YES;
				CLANG_WARN_SUSPICIOUS_MOVE = YES;
				CLANG_WARN_UNGUARDED_AVAILABILITY = YES_AGGRESSIVE;
				CLANG_WARN_UNREACHABLE_CODE = YES;
				CLANG_WARN__DUPLICATE_METHOD_MATCH = YES;
				CODE_SIGN_IDENTITY = "iPhone Developer";
				COPY_PHASE_STRIP = NO;
				DEBUG_INFORMATION_FORMAT = "dwarf-with-dsym";
				ENABLE_NS_ASSERTIONS = NO;
				ENABLE_STRICT_OBJC_MSGSEND = YES;
				GCC_C_LANGUAGE_STANDARD = gnu11;
				GCC_NO_COMMON_BLOCKS = YES;
				GCC_WARN_64_TO_32_BIT_CONVERSION = YES;
				GCC_WARN_ABOUT_RETURN_TYPE = YES_ERROR;
				GCC_WARN_UNDECLARED_SELECTOR = YES;
				GCC_WARN_UNINITIALIZED_AUTOS = YES_AGGRESSIVE;
				GCC_WARN_UNUSED_FUNCTION = YES;
				GCC_WARN_UNUSED_VARIABLE = YES;
				IPHONEOS_DEPLOYMENT_TARGET = 12.2;
				MTL_ENABLE_DEBUG_INFO = NO;
				MTL_FAST_MATH = YES;
				SDKROOT = iphoneos;
				SWIFT_COMPILATION_MODE = wholemodule;
				SWIFT_OPTIMIZATION_LEVEL = "-O";
				VALIDATE_PRODUCT = YES;
			};
			name = Release;
		};
		7D9DDC3422B260D2002C13E9 /* Debug */ = {
			isa = XCBuildConfiguration;
			baseConfigurationReference = 59D6D6A290EFC3D53BC274F0 /* Pods-MoviesApp.debug.xcconfig */;
			buildSettings = {
				ASSETCATALOG_COMPILER_APPICON_NAME = AppIcon;
				CODE_SIGN_STYLE = Automatic;
				DEVELOPMENT_TEAM = QH46V8ML59;
				INFOPLIST_FILE = MoviesApp/Info.plist;
				LD_RUNPATH_SEARCH_PATHS = (
					"$(inherited)",
					"@executable_path/Frameworks",
				);
				PRODUCT_BUNDLE_IDENTIFIER = com.IPinaev.MoviesApp;
				PRODUCT_NAME = "$(TARGET_NAME)";
				SWIFT_VERSION = 5.0;
				TARGETED_DEVICE_FAMILY = "1,2";
			};
			name = Debug;
		};
		7D9DDC3522B260D2002C13E9 /* Release */ = {
			isa = XCBuildConfiguration;
			baseConfigurationReference = C3707BB6B70195E730B66CD5 /* Pods-MoviesApp.release.xcconfig */;
			buildSettings = {
				ASSETCATALOG_COMPILER_APPICON_NAME = AppIcon;
				CODE_SIGN_STYLE = Automatic;
				DEVELOPMENT_TEAM = QH46V8ML59;
				INFOPLIST_FILE = MoviesApp/Info.plist;
				LD_RUNPATH_SEARCH_PATHS = (
					"$(inherited)",
					"@executable_path/Frameworks",
				);
				PRODUCT_BUNDLE_IDENTIFIER = com.IPinaev.MoviesApp;
				PRODUCT_NAME = "$(TARGET_NAME)";
				SWIFT_VERSION = 5.0;
				TARGETED_DEVICE_FAMILY = "1,2";
			};
			name = Release;
		};
/* End XCBuildConfiguration section */

/* Begin XCConfigurationList section */
		7D9DDC1922B260D0002C13E9 /* Build configuration list for PBXProject "MoviesApp" */ = {
			isa = XCConfigurationList;
			buildConfigurations = (
				7D9DDC3122B260D2002C13E9 /* Debug */,
				7D9DDC3222B260D2002C13E9 /* Release */,
			);
			defaultConfigurationIsVisible = 0;
			defaultConfigurationName = Release;
		};
		7D9DDC3322B260D2002C13E9 /* Build configuration list for PBXNativeTarget "MoviesApp" */ = {
			isa = XCConfigurationList;
			buildConfigurations = (
				7D9DDC3422B260D2002C13E9 /* Debug */,
				7D9DDC3522B260D2002C13E9 /* Release */,
			);
			defaultConfigurationIsVisible = 0;
			defaultConfigurationName = Release;
		};
/* End XCConfigurationList section */

/* Begin XCVersionGroup section */
		7D9DDC2822B260D0002C13E9 /* MoviesApp.xcdatamodeld */ = {
			isa = XCVersionGroup;
			children = (
				7D9DDC2922B260D0002C13E9 /* MoviesApp.xcdatamodel */,
			);
			currentVersion = 7D9DDC2922B260D0002C13E9 /* MoviesApp.xcdatamodel */;
			path = MoviesApp.xcdatamodeld;
			sourceTree = "<group>";
			versionGroupType = wrapper.xcdatamodel;
		};
/* End XCVersionGroup section */
	};
	rootObject = 7D9DDC1622B260D0002C13E9 /* Project object */;
}
